// !$*UTF8*$!
{
	archiveVersion = 1;
	classes = {
	};
	objectVersion = 46;
	objects = {

/* Begin PBXBuildFile section */
		2C4E717E1ABDD39000F35E0C /* AppDelegate.swift in Sources */ = {isa = PBXBuildFile; fileRef = 2C4E717D1ABDD39000F35E0C /* AppDelegate.swift */; };
		2C4E71801ABDD39000F35E0C /* ViewController.swift in Sources */ = {isa = PBXBuildFile; fileRef = 2C4E717F1ABDD39000F35E0C /* ViewController.swift */; };
		2C4E71831ABDD39000F35E0C /* Main.storyboard in Resources */ = {isa = PBXBuildFile; fileRef = 2C4E71811ABDD39000F35E0C /* Main.storyboard */; };
		2C4E71851ABDD39000F35E0C /* Images.xcassets in Resources */ = {isa = PBXBuildFile; fileRef = 2C4E71841ABDD39000F35E0C /* Images.xcassets */; };
		2C4E71881ABDD39000F35E0C /* LaunchScreen.xib in Resources */ = {isa = PBXBuildFile; fileRef = 2C4E71861ABDD39000F35E0C /* LaunchScreen.xib */; };
		2C4E71941ABDD39000F35E0C /* musicTests.swift in Sources */ = {isa = PBXBuildFile; fileRef = 2C4E71931ABDD39000F35E0C /* musicTests.swift */; };
/* End PBXBuildFile section */

/* Begin PBXContainerItemProxy section */
		2C4E718E1ABDD39000F35E0C /* PBXContainerItemProxy */ = {
			isa = PBXContainerItemProxy;
			containerPortal = 2C4E71701ABDD39000F35E0C /* Project object */;
			proxyType = 1;
			remoteGlobalIDString = 2C4E71771ABDD39000F35E0C;
			remoteInfo = music;
		};
/* End PBXContainerItemProxy section */

/* Begin PBXFileReference section */
		2C4E71781ABDD39000F35E0C /* music.app */ = {isa = PBXFileReference; explicitFileType = wrapper.application; includeInIndex = 0; path = music.app; sourceTree = BUILT_PRODUCTS_DIR; };
		2C4E717C1ABDD39000F35E0C /* Info.plist */ = {isa = PBXFileReference; lastKnownFileType = text.plist.xml; path = Info.plist; sourceTree = "<group>"; };
		2C4E717D1ABDD39000F35E0C /* AppDelegate.swift */ = {isa = PBXFileReference; lastKnownFileType = sourcecode.swift; path = AppDelegate.swift; sourceTree = "<group>"; };
		2C4E717F1ABDD39000F35E0C /* ViewController.swift */ = {isa = PBXFileReference; lastKnownFileType = sourcecode.swift; path = ViewController.swift; sourceTree = "<group>"; };
		2C4E71821ABDD39000F35E0C /* Base */ = {isa = PBXFileReference; lastKnownFileType = file.storyboard; name = Base; path = Base.lproj/Main.storyboard; sourceTree = "<group>"; };
		2C4E71841ABDD39000F35E0C /* Images.xcassets */ = {isa = PBXFileReference; lastKnownFileType = folder.assetcatalog; path = Images.xcassets; sourceTree = "<group>"; };
		2C4E71871ABDD39000F35E0C /* Base */ = {isa = PBXFileReference; lastKnownFileType = file.xib; name = Base; path = Base.lproj/LaunchScreen.xib; sourceTree = "<group>"; };
		2C4E718D1ABDD39000F35E0C /* musicTests.xctest */ = {isa = PBXFileReference; explicitFileType = wrapper.cfbundle; includeInIndex = 0; path = musicTests.xctest; sourceTree = BUILT_PRODUCTS_DIR; };
		2C4E71921ABDD39000F35E0C /* Info.plist */ = {isa = PBXFileReference; lastKnownFileType = text.plist.xml; path = Info.plist; sourceTree = "<group>"; };
		2C4E71931ABDD39000F35E0C /* musicTests.swift */ = {isa = PBXFileReference; lastKnownFileType = sourcecode.swift; path = musicTests.swift; sourceTree = "<group>"; };
/* End PBXFileReference section */

/* Begin PBXFrameworksBuildPhase section */
		2C4E71751ABDD39000F35E0C /* Frameworks */ = {
			isa = PBXFrameworksBuildPhase;
			buildActionMask = 2147483647;
			files = (
			);
			runOnlyForDeploymentPostprocessing = 0;
		};
		2C4E718A1ABDD39000F35E0C /* Frameworks */ = {
			isa = PBXFrameworksBuildPhase;
			buildActionMask = 2147483647;
			files = (
			);
			runOnlyForDeploymentPostprocessing = 0;
		};
/* End PBXFrameworksBuildPhase section */

/* Begin PBXGroup section */
		2C4E716F1ABDD39000F35E0C = {
			isa = PBXGroup;
			children = (
				2C4E717A1ABDD39000F35E0C /* music */,
				2C4E71901ABDD39000F35E0C /* musicTests */,
				2C4E71791ABDD39000F35E0C /* Products */,
			);
			sourceTree = "<group>";
		};
		2C4E71791ABDD39000F35E0C /* Products */ = {
			isa = PBXGroup;
			children = (
				2C4E71781ABDD39000F35E0C /* music.app */,
				2C4E718D1ABDD39000F35E0C /* musicTests.xctest */,
			);
			name = Products;
			sourceTree = "<group>";
		};
		2C4E717A1ABDD39000F35E0C /* music */ = {
			isa = PBXGroup;
			children = (
				2C4E717D1ABDD39000F35E0C /* AppDelegate.swift */,
				2C4E717F1ABDD39000F35E0C /* ViewController.swift */,
				2C4E71811ABDD39000F35E0C /* Main.storyboard */,
				2C4E71841ABDD39000F35E0C /* Images.xcassets */,
				2C4E71861ABDD39000F35E0C /* LaunchScreen.xib */,
				2C4E717B1ABDD39000F35E0C /* Supporting Files */,
			);
			path = music;
			sourceTree = "<group>";
		};
		2C4E717B1ABDD39000F35E0C /* Supporting Files */ = {
			isa = PBXGroup;
			children = (
				2C4E717C1ABDD39000F35E0C /* Info.plist */,
			);
			name = "Supporting Files";
			sourceTree = "<group>";
		};
		2C4E71901ABDD39000F35E0C /* musicTests */ = {
			isa = PBXGroup;
			children = (
				2C4E71931ABDD39000F35E0C /* musicTests.swift */,
				2C4E71911ABDD39000F35E0C /* Supporting Files */,
			);
			path = musicTests;
			sourceTree = "<group>";
		};
		2C4E71911ABDD39000F35E0C /* Supporting Files */ = {
			isa = PBXGroup;
			children = (
				2C4E71921ABDD39000F35E0C /* Info.plist */,
			);
			name = "Supporting Files";
			sourceTree = "<group>";
		};
/* End PBXGroup section */

/* Begin PBXNativeTarget section */
		2C4E71771ABDD39000F35E0C /* music */ = {
			isa = PBXNativeTarget;
			buildConfigurationList = 2C4E71971ABDD39000F35E0C /* Build configuration list for PBXNativeTarget "music" */;
			buildPhases = (
				2C4E71741ABDD39000F35E0C /* Sources */,
				2C4E71751ABDD39000F35E0C /* Frameworks */,
				2C4E71761ABDD39000F35E0C /* Resources */,
			);
			buildRules = (
			);
			dependencies = (
			);
			name = music;
			productName = music;
			productReference = 2C4E71781ABDD39000F35E0C /* music.app */;
			productType = "com.apple.product-type.application";
		};
		2C4E718C1ABDD39000F35E0C /* musicTests */ = {
			isa = PBXNativeTarget;
			buildConfigurationList = 2C4E719A1ABDD39000F35E0C /* Build configuration list for PBXNativeTarget "musicTests" */;
			buildPhases = (
				2C4E71891ABDD39000F35E0C /* Sources */,
				2C4E718A1ABDD39000F35E0C /* Frameworks */,
				2C4E718B1ABDD39000F35E0C /* Resources */,
			);
			buildRules = (
			);
			dependencies = (
				2C4E718F1ABDD39000F35E0C /* PBXTargetDependency */,
			);
			name = musicTests;
			productName = musicTests;
			productReference = 2C4E718D1ABDD39000F35E0C /* musicTests.xctest */;
			productType = "com.apple.product-type.bundle.unit-test";
		};
/* End PBXNativeTarget section */

/* Begin PBXProject section */
		2C4E71701ABDD39000F35E0C /* Project object */ = {
			isa = PBXProject;
			attributes = {
				LastUpgradeCheck = 0620;
				ORGANIZATIONNAME = "Naing Lin Aung";
				TargetAttributes = {
					2C4E71771ABDD39000F35E0C = {
						CreatedOnToolsVersion = 6.2;
					};
					2C4E718C1ABDD39000F35E0C = {
						CreatedOnToolsVersion = 6.2;
						TestTargetID = 2C4E71771ABDD39000F35E0C;
					};
				};
			};
			buildConfigurationList = 2C4E71731ABDD39000F35E0C /* Build configuration list for PBXProject "music" */;
			compatibilityVersion = "Xcode 3.2";
			developmentRegion = English;
			hasScannedForEncodings = 0;
			knownRegions = (
				en,
				Base,
			);
			mainGroup = 2C4E716F1ABDD39000F35E0C;
			productRefGroup = 2C4E71791ABDD39000F35E0C /* Products */;
			projectDirPath = "";
			projectRoot = "";
			targets = (
				2C4E71771ABDD39000F35E0C /* music */,
				2C4E718C1ABDD39000F35E0C /* musicTests */,
			);
		};
/* End PBXProject section */

/* Begin PBXResourcesBuildPhase section */
		2C4E71761ABDD39000F35E0C /* Resources */ = {
			isa = PBXResourcesBuildPhase;
			buildActionMask = 2147483647;
			files = (
				2C4E71831ABDD39000F35E0C /* Main.storyboard in Resources */,
				2C4E71881ABDD39000F35E0C /* LaunchScreen.xib in Resources */,
				2C4E71851ABDD39000F35E0C /* Images.xcassets in Resources */,
			);
			runOnlyForDeploymentPostprocessing = 0;
		};
		2C4E718B1ABDD39000F35E0C /* Resources */ = {
			isa = PBXResourcesBuildPhase;
			buildActionMask = 2147483647;
			files = (
			);
			runOnlyForDeploymentPostprocessing = 0;
		};
/* End PBXResourcesBuildPhase section */

/* Begin PBXSourcesBuildPhase section */
		2C4E71741ABDD39000F35E0C /* Sources */ = {
			isa = PBXSourcesBuildPhase;
			buildActionMask = 2147483647;
			files = (
				2C4E71801ABDD39000F35E0C /* ViewController.swift in Sources */,
				2C4E717E1ABDD39000F35E0C /* AppDelegate.swift in Sources */,
			);
			runOnlyForDeploymentPostprocessing = 0;
		};
		2C4E71891ABDD39000F35E0C /* Sources */ = {
			isa = PBXSourcesBuildPhase;
			buildActionMask = 2147483647;
			files = (
				2C4E71941ABDD39000F35E0C /* musicTests.swift in Sources */,
			);
			runOnlyForDeploymentPostprocessing = 0;
		};
/* End PBXSourcesBuildPhase section */

/* Begin PBXTargetDependency section */
		2C4E718F1ABDD39000F35E0C /* PBXTargetDependency */ = {
			isa = PBXTargetDependency;
			target = 2C4E71771ABDD39000F35E0C /* music */;
			targetProxy = 2C4E718E1ABDD39000F35E0C /* PBXContainerItemProxy */;
		};
/* End PBXTargetDependency section */

/* Begin PBXVariantGroup section */
		2C4E71811ABDD39000F35E0C /* Main.storyboard */ = {
			isa = PBXVariantGroup;
			children = (
				2C4E71821ABDD39000F35E0C /* Base */,
			);
			name = Main.storyboard;
			sourceTree = "<group>";
		};
		2C4E71861ABDD39000F35E0C /* LaunchScreen.xib */ = {
			isa = PBXVariantGroup;
			children = (
				2C4E71871ABDD39000F35E0C /* Base */,
			);
			name = LaunchScreen.xib;
			sourceTree = "<group>";
		};
/* End PBXVariantGroup section */

/* Begin XCBuildConfiguration section */
		2C4E71951ABDD39000F35E0C /* Debug */ = {
			isa = XCBuildConfiguration;
			buildSettings = {
				ALWAYS_SEARCH_USER_PATHS = NO;
				CLANG_CXX_LANGUAGE_STANDARD = "gnu++0x";
				CLANG_CXX_LIBRARY = "libc++";
				CLANG_ENABLE_MODULES = YES;
				CLANG_ENABLE_OBJC_ARC = YES;
				CLANG_WARN_BOOL_CONVERSION = YES;
				CLANG_WARN_CONSTANT_CONVERSION = YES;
				CLANG_WARN_DIRECT_OBJC_ISA_USAGE = YES_ERROR;
				CLANG_WARN_EMPTY_BODY = YES;
				CLANG_WARN_ENUM_CONVERSION = YES;
				CLANG_WARN_INT_CONVERSION = YES;
				CLANG_WARN_OBJC_ROOT_CLASS = YES_ERROR;
				CLANG_WARN_UNREACHABLE_CODE = YES;
				CLANG_WARN__DUPLICATE_METHOD_MATCH = YES;
				"CODE_SIGN_IDENTITY[sdk=iphoneos*]" = "iPhone Developer";
				COPY_PHASE_STRIP = NO;
				ENABLE_STRICT_OBJC_MSGSEND = YES;
				GCC_C_LANGUAGE_STANDARD = gnu99;
				GCC_DYNAMIC_NO_PIC = NO;
				GCC_OPTIMIZATION_LEVEL = 0;
				GCC_PREPROCESSOR_DEFINITIONS = (
					"DEBUG=1",
					"$(inherited)",
				);
				GCC_SYMBOLS_PRIVATE_EXTERN = NO;
				GCC_WARN_64_TO_32_BIT_CONVERSION = YES;
				GCC_WARN_ABOUT_RETURN_TYPE = YES_ERROR;
				GCC_WARN_UNDECLARED_SELECTOR = YES;
				GCC_WARN_UNINITIALIZED_AUTOS = YES_AGGRESSIVE;
				GCC_WARN_UNUSED_FUNCTION = YES;
				GCC_WARN_UNUSED_VARIABLE = YES;
				IPHONEOS_DEPLOYMENT_TARGET = 8.2;
				MTL_ENABLE_DEBUG_INFO = YES;
				ONLY_ACTIVE_ARCH = YES;
				SDKROOT = iphoneos;
				SWIFT_OPTIMIZATION_LEVEL = "-Onone";
				TARGETED_DEVICE_FAMILY = "1,2";
			};
			name = Debug;
		};
		2C4E71961ABDD39000F35E0C /* Release */ = {
			isa = XCBuildConfiguration;
			buildSettings = {
				ALWAYS_SEARCH_USER_PATHS = NO;
				CLANG_CXX_LANGUAGE_STANDARD = "gnu++0x";
				CLANG_CXX_LIBRARY = "libc++";
				CLANG_ENABLE_MODULES = YES;
				CLANG_ENABLE_OBJC_ARC = YES;
				CLANG_WARN_BOOL_CONVERSION = YES;
				CLANG_WARN_CONSTANT_CONVERSION = YES;
				CLANG_WARN_DIRECT_OBJC_ISA_USAGE = YES_ERROR;
				CLANG_WARN_EMPTY_BODY = YES;
				CLANG_WARN_ENUM_CONVERSION = YES;
				CLANG_WARN_INT_CONVERSION = YES;
				CLANG_WARN_OBJC_ROOT_CLASS = YES_ERROR;
				CLANG_WARN_UNREACHABLE_CODE = YES;
				CLANG_WARN__DUPLICATE_METHOD_MATCH = YES;
				"CODE_SIGN_IDENTITY[sdk=iphoneos*]" = "iPhone Developer";
				COPY_PHASE_STRIP = NO;
				ENABLE_NS_ASSERTIONS = NO;
				ENABLE_STRICT_OBJC_MSGSEND = YES;
				GCC_C_LANGUAGE_STANDARD = gnu99;
				GCC_WARN_64_TO_32_BIT_CONVERSION = YES;
				GCC_WARN_ABOUT_RETURN_TYPE = YES_ERROR;
				GCC_WARN_UNDECLARED_SELECTOR = YES;
				GCC_WARN_UNINITIALIZED_AUTOS = YES_AGGRESSIVE;
				GCC_WARN_UNUSED_FUNCTION = YES;
				GCC_WARN_UNUSED_VARIABLE = YES;
				IPHONEOS_DEPLOYMENT_TARGET = 8.2;
				MTL_ENABLE_DEBUG_INFO = NO;
				SDKROOT = iphoneos;
				TARGETED_DEVICE_FAMILY = "1,2";
				VALIDATE_PRODUCT = YES;
			};
			name = Release;
		};
		2C4E71981ABDD39000F35E0C /* Debug */ = {
			isa = XCBuildConfiguration;
			buildSettings = {
				ASSETCATALOG_COMPILER_APPICON_NAME = AppIcon;
				INFOPLIST_FILE = music/Info.plist;
				LD_RUNPATH_SEARCH_PATHS = "$(inherited) @executable_path/Frameworks";
				PRODUCT_NAME = "$(TARGET_NAME)";
			};
			name = Debug;
		};
		2C4E71991ABDD39000F35E0C /* Release */ = {
			isa = XCBuildConfiguration;
			buildSettings = {
				ASSETCATALOG_COMPILER_APPICON_NAME = AppIcon;
				INFOPLIST_FILE = music/Info.plist;
				LD_RUNPATH_SEARCH_PATHS = "$(inherited) @executable_path/Frameworks";
				PRODUCT_NAME = "$(TARGET_NAME)";
			};
			name = Release;
		};
		2C4E719B1ABDD39000F35E0C /* Debug */ = {
			isa = XCBuildConfiguration;
			buildSettings = {
				BUNDLE_LOADER = "$(TEST_HOST)";
				FRAMEWORK_SEARCH_PATHS = (
					"$(SDKROOT)/Developer/Library/Frameworks",
					"$(inherited)",
				);
				GCC_PREPROCESSOR_DEFINITIONS = (
					"DEBUG=1",
					"$(inherited)",
				);
				INFOPLIST_FILE = musicTests/Info.plist;
				LD_RUNPATH_SEARCH_PATHS = "$(inherited) @executable_path/Frameworks @loader_path/Frameworks";
				PRODUCT_NAME = "$(TARGET_NAME)";
				TEST_HOST = "$(BUILT_PRODUCTS_DIR)/music.app/music";
			};
			name = Debug;
		};
		2C4E719C1ABDD39000F35E0C /* Release */ = {
			isa = XCBuildConfiguration;
			buildSettings = {
				BUNDLE_LOADER = "$(TEST_HOST)";
				FRAMEWORK_SEARCH_PATHS = (
					"$(SDKROOT)/Developer/Library/Frameworks",
					"$(inherited)",
				);
				INFOPLIST_FILE = musicTests/Info.plist;
				LD_RUNPATH_SEARCH_PATHS = "$(inherited) @executable_path/Frameworks @loader_path/Frameworks";
				PRODUCT_NAME = "$(TARGET_NAME)";
				TEST_HOST = "$(BUILT_PRODUCTS_DIR)/music.app/music";
			};
			name = Release;
		};
/* End XCBuildConfiguration section */

/* Begin XCConfigurationList section */
		2C4E71731ABDD39000F35E0C /* Build configuration list for PBXProject "music" */ = {
			isa = XCConfigurationList;
			buildConfigurations = (
				2C4E71951ABDD39000F35E0C /* Debug */,
				2C4E71961ABDD39000F35E0C /* Release */,
			);
			defaultConfigurationIsVisible = 0;
			defaultConfigurationName = Release;
		};
		2C4E71971ABDD39000F35E0C /* Build configuration list for PBXNativeTarget "music" */ = {
			isa = XCConfigurationList;
			buildConfigurations = (
				2C4E71981ABDD39000F35E0C /* Debug */,
				2C4E71991ABDD39000F35E0C /* Release */,
			);
			defaultConfigurationIsVisible = 0;
		};
		2C4E719A1ABDD39000F35E0C /* Build configuration list for PBXNativeTarget "musicTests" */ = {
			isa = XCConfigurationList;
			buildConfigurations = (
				2C4E719B1ABDD39000F35E0C /* Debug */,
				2C4E719C1ABDD39000F35E0C /* Release */,
			);
			defaultConfigurationIsVisible = 0;
		};
/* End XCConfigurationList section */
	};
	rootObject = 2C4E71701ABDD39000F35E0C /* Project object */;
}
