// !$*UTF8*$!
{
	archiveVersion = 1;
	classes = {
	};
	objectVersion = 46;
	objects = {

/* Begin PBXBuildFile section */
		2C4E730A1AC17D6000F35E0C /* AppDelegate.swift in Sources */ = {isa = PBXBuildFile; fileRef = 2C4E73091AC17D6000F35E0C /* AppDelegate.swift */; };
		2C4E730D1AC17D6000F35E0C /* Blog_Reader.xcdatamodeld in Sources */ = {isa = PBXBuildFile; fileRef = 2C4E730B1AC17D6000F35E0C /* Blog_Reader.xcdatamodeld */; };
		2C4E730F1AC17D6000F35E0C /* MasterViewController.swift in Sources */ = {isa = PBXBuildFile; fileRef = 2C4E730E1AC17D6000F35E0C /* MasterViewController.swift */; };
		2C4E73111AC17D6000F35E0C /* DetailViewController.swift in Sources */ = {isa = PBXBuildFile; fileRef = 2C4E73101AC17D6000F35E0C /* DetailViewController.swift */; };
		2C4E73141AC17D6000F35E0C /* Main.storyboard in Resources */ = {isa = PBXBuildFile; fileRef = 2C4E73121AC17D6000F35E0C /* Main.storyboard */; };
		2C4E73161AC17D6000F35E0C /* Images.xcassets in Resources */ = {isa = PBXBuildFile; fileRef = 2C4E73151AC17D6000F35E0C /* Images.xcassets */; };
		2C4E73191AC17D6000F35E0C /* LaunchScreen.xib in Resources */ = {isa = PBXBuildFile; fileRef = 2C4E73171AC17D6000F35E0C /* LaunchScreen.xib */; };
		2C4E73251AC17D6000F35E0C /* Blog_ReaderTests.swift in Sources */ = {isa = PBXBuildFile; fileRef = 2C4E73241AC17D6000F35E0C /* Blog_ReaderTests.swift */; };
/* End PBXBuildFile section */

/* Begin PBXContainerItemProxy section */
		2C4E731F1AC17D6000F35E0C /* PBXContainerItemProxy */ = {
			isa = PBXContainerItemProxy;
			containerPortal = 2C4E72FC1AC17D6000F35E0C /* Project object */;
			proxyType = 1;
			remoteGlobalIDString = 2C4E73031AC17D6000F35E0C;
			remoteInfo = "Blog Reader";
		};
/* End PBXContainerItemProxy section */

/* Begin PBXFileReference section */
		2C4E73041AC17D6000F35E0C /* Blog Reader.app */ = {isa = PBXFileReference; explicitFileType = wrapper.application; includeInIndex = 0; path = "Blog Reader.app"; sourceTree = BUILT_PRODUCTS_DIR; };
		2C4E73081AC17D6000F35E0C /* Info.plist */ = {isa = PBXFileReference; lastKnownFileType = text.plist.xml; path = Info.plist; sourceTree = "<group>"; };
		2C4E73091AC17D6000F35E0C /* AppDelegate.swift */ = {isa = PBXFileReference; lastKnownFileType = sourcecode.swift; path = AppDelegate.swift; sourceTree = "<group>"; };
		2C4E730C1AC17D6000F35E0C /* Blog_Reader.xcdatamodel */ = {isa = PBXFileReference; lastKnownFileType = wrapper.xcdatamodel; path = Blog_Reader.xcdatamodel; sourceTree = "<group>"; };
		2C4E730E1AC17D6000F35E0C /* MasterViewController.swift */ = {isa = PBXFileReference; lastKnownFileType = sourcecode.swift; path = MasterViewController.swift; sourceTree = "<group>"; };
		2C4E73101AC17D6000F35E0C /* DetailViewController.swift */ = {isa = PBXFileReference; lastKnownFileType = sourcecode.swift; path = DetailViewController.swift; sourceTree = "<group>"; };
		2C4E73131AC17D6000F35E0C /* Base */ = {isa = PBXFileReference; lastKnownFileType = file.storyboard; name = Base; path = Base.lproj/Main.storyboard; sourceTree = "<group>"; };
		2C4E73151AC17D6000F35E0C /* Images.xcassets */ = {isa = PBXFileReference; lastKnownFileType = folder.assetcatalog; path = Images.xcassets; sourceTree = "<group>"; };
		2C4E73181AC17D6000F35E0C /* Base */ = {isa = PBXFileReference; lastKnownFileType = file.xib; name = Base; path = Base.lproj/LaunchScreen.xib; sourceTree = "<group>"; };
		2C4E731E1AC17D6000F35E0C /* Blog ReaderTests.xctest */ = {isa = PBXFileReference; explicitFileType = wrapper.cfbundle; includeInIndex = 0; path = "Blog ReaderTests.xctest"; sourceTree = BUILT_PRODUCTS_DIR; };
		2C4E73231AC17D6000F35E0C /* Info.plist */ = {isa = PBXFileReference; lastKnownFileType = text.plist.xml; path = Info.plist; sourceTree = "<group>"; };
		2C4E73241AC17D6000F35E0C /* Blog_ReaderTests.swift */ = {isa = PBXFileReference; lastKnownFileType = sourcecode.swift; path = Blog_ReaderTests.swift; sourceTree = "<group>"; };
/* End PBXFileReference section */

/* Begin PBXFrameworksBuildPhase section */
		2C4E73011AC17D6000F35E0C /* Frameworks */ = {
			isa = PBXFrameworksBuildPhase;
			buildActionMask = 2147483647;
			files = (
			);
			runOnlyForDeploymentPostprocessing = 0;
		};
		2C4E731B1AC17D6000F35E0C /* Frameworks */ = {
			isa = PBXFrameworksBuildPhase;
			buildActionMask = 2147483647;
			files = (
			);
			runOnlyForDeploymentPostprocessing = 0;
		};
/* End PBXFrameworksBuildPhase section */

/* Begin PBXGroup section */
		2C4E72FB1AC17D6000F35E0C = {
			isa = PBXGroup;
			children = (
				2C4E73061AC17D6000F35E0C /* Blog Reader */,
				2C4E73211AC17D6000F35E0C /* Blog ReaderTests */,
				2C4E73051AC17D6000F35E0C /* Products */,
			);
			sourceTree = "<group>";
		};
		2C4E73051AC17D6000F35E0C /* Products */ = {
			isa = PBXGroup;
			children = (
				2C4E73041AC17D6000F35E0C /* Blog Reader.app */,
				2C4E731E1AC17D6000F35E0C /* Blog ReaderTests.xctest */,
			);
			name = Products;
			sourceTree = "<group>";
		};
		2C4E73061AC17D6000F35E0C /* Blog Reader */ = {
			isa = PBXGroup;
			children = (
				2C4E73091AC17D6000F35E0C /* AppDelegate.swift */,
				2C4E730E1AC17D6000F35E0C /* MasterViewController.swift */,
				2C4E73101AC17D6000F35E0C /* DetailViewController.swift */,
				2C4E73121AC17D6000F35E0C /* Main.storyboard */,
				2C4E73151AC17D6000F35E0C /* Images.xcassets */,
				2C4E73171AC17D6000F35E0C /* LaunchScreen.xib */,
				2C4E730B1AC17D6000F35E0C /* Blog_Reader.xcdatamodeld */,
				2C4E73071AC17D6000F35E0C /* Supporting Files */,
			);
			path = "Blog Reader";
			sourceTree = "<group>";
		};
		2C4E73071AC17D6000F35E0C /* Supporting Files */ = {
			isa = PBXGroup;
			children = (
				2C4E73081AC17D6000F35E0C /* Info.plist */,
			);
			name = "Supporting Files";
			sourceTree = "<group>";
		};
		2C4E73211AC17D6000F35E0C /* Blog ReaderTests */ = {
			isa = PBXGroup;
			children = (
				2C4E73241AC17D6000F35E0C /* Blog_ReaderTests.swift */,
				2C4E73221AC17D6000F35E0C /* Supporting Files */,
			);
			path = "Blog ReaderTests";
			sourceTree = "<group>";
		};
		2C4E73221AC17D6000F35E0C /* Supporting Files */ = {
			isa = PBXGroup;
			children = (
				2C4E73231AC17D6000F35E0C /* Info.plist */,
			);
			name = "Supporting Files";
			sourceTree = "<group>";
		};
/* End PBXGroup section */

/* Begin PBXNativeTarget section */
		2C4E73031AC17D6000F35E0C /* Blog Reader */ = {
			isa = PBXNativeTarget;
			buildConfigurationList = 2C4E73281AC17D6000F35E0C /* Build configuration list for PBXNativeTarget "Blog Reader" */;
			buildPhases = (
				2C4E73001AC17D6000F35E0C /* Sources */,
				2C4E73011AC17D6000F35E0C /* Frameworks */,
				2C4E73021AC17D6000F35E0C /* Resources */,
			);
			buildRules = (
			);
			dependencies = (
			);
			name = "Blog Reader";
			productName = "Blog Reader";
			productReference = 2C4E73041AC17D6000F35E0C /* Blog Reader.app */;
			productType = "com.apple.product-type.application";
		};
		2C4E731D1AC17D6000F35E0C /* Blog ReaderTests */ = {
			isa = PBXNativeTarget;
			buildConfigurationList = 2C4E732B1AC17D6000F35E0C /* Build configuration list for PBXNativeTarget "Blog ReaderTests" */;
			buildPhases = (
				2C4E731A1AC17D6000F35E0C /* Sources */,
				2C4E731B1AC17D6000F35E0C /* Frameworks */,
				2C4E731C1AC17D6000F35E0C /* Resources */,
			);
			buildRules = (
			);
			dependencies = (
				2C4E73201AC17D6000F35E0C /* PBXTargetDependency */,
			);
			name = "Blog ReaderTests";
			productName = "Blog ReaderTests";
			productReference = 2C4E731E1AC17D6000F35E0C /* Blog ReaderTests.xctest */;
			productType = "com.apple.product-type.bundle.unit-test";
		};
/* End PBXNativeTarget section */

/* Begin PBXProject section */
		2C4E72FC1AC17D6000F35E0C /* Project object */ = {
			isa = PBXProject;
			attributes = {
				LastUpgradeCheck = 0620;
				ORGANIZATIONNAME = "Naing Lin Aung";
				TargetAttributes = {
					2C4E73031AC17D6000F35E0C = {
						CreatedOnToolsVersion = 6.2;
					};
					2C4E731D1AC17D6000F35E0C = {
						CreatedOnToolsVersion = 6.2;
						TestTargetID = 2C4E73031AC17D6000F35E0C;
					};
				};
			};
			buildConfigurationList = 2C4E72FF1AC17D6000F35E0C /* Build configuration list for PBXProject "Blog Reader" */;
			compatibilityVersion = "Xcode 3.2";
			developmentRegion = English;
			hasScannedForEncodings = 0;
			knownRegions = (
				en,
				Base,
			);
			mainGroup = 2C4E72FB1AC17D6000F35E0C;
			productRefGroup = 2C4E73051AC17D6000F35E0C /* Products */;
			projectDirPath = "";
			projectRoot = "";
			targets = (
				2C4E73031AC17D6000F35E0C /* Blog Reader */,
				2C4E731D1AC17D6000F35E0C /* Blog ReaderTests */,
			);
		};
/* End PBXProject section */

/* Begin PBXResourcesBuildPhase section */
		2C4E73021AC17D6000F35E0C /* Resources */ = {
			isa = PBXResourcesBuildPhase;
			buildActionMask = 2147483647;
			files = (
				2C4E73141AC17D6000F35E0C /* Main.storyboard in Resources */,
				2C4E73191AC17D6000F35E0C /* LaunchScreen.xib in Resources */,
				2C4E73161AC17D6000F35E0C /* Images.xcassets in Resources */,
			);
			runOnlyForDeploymentPostprocessing = 0;
		};
		2C4E731C1AC17D6000F35E0C /* Resources */ = {
			isa = PBXResourcesBuildPhase;
			buildActionMask = 2147483647;
			files = (
			);
			runOnlyForDeploymentPostprocessing = 0;
		};
/* End PBXResourcesBuildPhase section */

/* Begin PBXSourcesBuildPhase section */
		2C4E73001AC17D6000F35E0C /* Sources */ = {
			isa = PBXSourcesBuildPhase;
			buildActionMask = 2147483647;
			files = (
				2C4E730D1AC17D6000F35E0C /* Blog_Reader.xcdatamodeld in Sources */,
				2C4E730A1AC17D6000F35E0C /* AppDelegate.swift in Sources */,
				2C4E730F1AC17D6000F35E0C /* MasterViewController.swift in Sources */,
				2C4E73111AC17D6000F35E0C /* DetailViewController.swift in Sources */,
			);
			runOnlyForDeploymentPostprocessing = 0;
		};
		2C4E731A1AC17D6000F35E0C /* Sources */ = {
			isa = PBXSourcesBuildPhase;
			buildActionMask = 2147483647;
			files = (
				2C4E73251AC17D6000F35E0C /* Blog_ReaderTests.swift in Sources */,
			);
			runOnlyForDeploymentPostprocessing = 0;
		};
/* End PBXSourcesBuildPhase section */

/* Begin PBXTargetDependency section */
		2C4E73201AC17D6000F35E0C /* PBXTargetDependency */ = {
			isa = PBXTargetDependency;
			target = 2C4E73031AC17D6000F35E0C /* Blog Reader */;
			targetProxy = 2C4E731F1AC17D6000F35E0C /* PBXContainerItemProxy */;
		};
/* End PBXTargetDependency section */

/* Begin PBXVariantGroup section */
		2C4E73121AC17D6000F35E0C /* Main.storyboard */ = {
			isa = PBXVariantGroup;
			children = (
				2C4E73131AC17D6000F35E0C /* Base */,
			);
			name = Main.storyboard;
			sourceTree = "<group>";
		};
		2C4E73171AC17D6000F35E0C /* LaunchScreen.xib */ = {
			isa = PBXVariantGroup;
			children = (
				2C4E73181AC17D6000F35E0C /* Base */,
			);
			name = LaunchScreen.xib;
			sourceTree = "<group>";
		};
/* End PBXVariantGroup section */

/* Begin XCBuildConfiguration section */
		2C4E73261AC17D6000F35E0C /* Debug */ = {
			isa = XCBuildConfiguration;
			buildSettings = {
				ALWAYS_SEARCH_USER_PATHS = NO;
				CLANG_CXX_LANGUAGE_STANDARD = "gnu++0x";
				CLANG_CXX_LIBRARY = "libc++";
				CLANG_ENABLE_MODULES = YES;
				CLANG_ENABLE_OBJC_ARC = YES;
				CLANG_WARN_BOOL_CONVERSION = YES;
				CLANG_WARN_CONSTANT_CONVERSION = YES;
				CLANG_WARN_DIRECT_OBJC_ISA_USAGE = YES_ERROR;
				CLANG_WARN_EMPTY_BODY = YES;
				CLANG_WARN_ENUM_CONVERSION = YES;
				CLANG_WARN_INT_CONVERSION = YES;
				CLANG_WARN_OBJC_ROOT_CLASS = YES_ERROR;
				CLANG_WARN_UNREACHABLE_CODE = YES;
				CLANG_WARN__DUPLICATE_METHOD_MATCH = YES;
				"CODE_SIGN_IDENTITY[sdk=iphoneos*]" = "iPhone Developer";
				COPY_PHASE_STRIP = NO;
				ENABLE_STRICT_OBJC_MSGSEND = YES;
				GCC_C_LANGUAGE_STANDARD = gnu99;
				GCC_DYNAMIC_NO_PIC = NO;
				GCC_OPTIMIZATION_LEVEL = 0;
				GCC_PREPROCESSOR_DEFINITIONS = (
					"DEBUG=1",
					"$(inherited)",
				);
				GCC_SYMBOLS_PRIVATE_EXTERN = NO;
				GCC_WARN_64_TO_32_BIT_CONVERSION = YES;
				GCC_WARN_ABOUT_RETURN_TYPE = YES_ERROR;
				GCC_WARN_UNDECLARED_SELECTOR = YES;
				GCC_WARN_UNINITIALIZED_AUTOS = YES_AGGRESSIVE;
				GCC_WARN_UNUSED_FUNCTION = YES;
				GCC_WARN_UNUSED_VARIABLE = YES;
				IPHONEOS_DEPLOYMENT_TARGET = 8.2;
				MTL_ENABLE_DEBUG_INFO = YES;
				ONLY_ACTIVE_ARCH = YES;
				SDKROOT = iphoneos;
				SWIFT_OPTIMIZATION_LEVEL = "-Onone";
				TARGETED_DEVICE_FAMILY = "1,2";
			};
			name = Debug;
		};
		2C4E73271AC17D6000F35E0C /* Release */ = {
			isa = XCBuildConfiguration;
			buildSettings = {
				ALWAYS_SEARCH_USER_PATHS = NO;
				CLANG_CXX_LANGUAGE_STANDARD = "gnu++0x";
				CLANG_CXX_LIBRARY = "libc++";
				CLANG_ENABLE_MODULES = YES;
				CLANG_ENABLE_OBJC_ARC = YES;
				CLANG_WARN_BOOL_CONVERSION = YES;
				CLANG_WARN_CONSTANT_CONVERSION = YES;
				CLANG_WARN_DIRECT_OBJC_ISA_USAGE = YES_ERROR;
				CLANG_WARN_EMPTY_BODY = YES;
				CLANG_WARN_ENUM_CONVERSION = YES;
				CLANG_WARN_INT_CONVERSION = YES;
				CLANG_WARN_OBJC_ROOT_CLASS = YES_ERROR;
				CLANG_WARN_UNREACHABLE_CODE = YES;
				CLANG_WARN__DUPLICATE_METHOD_MATCH = YES;
				"CODE_SIGN_IDENTITY[sdk=iphoneos*]" = "iPhone Developer";
				COPY_PHASE_STRIP = NO;
				ENABLE_NS_ASSERTIONS = NO;
				ENABLE_STRICT_OBJC_MSGSEND = YES;
				GCC_C_LANGUAGE_STANDARD = gnu99;
				GCC_WARN_64_TO_32_BIT_CONVERSION = YES;
				GCC_WARN_ABOUT_RETURN_TYPE = YES_ERROR;
				GCC_WARN_UNDECLARED_SELECTOR = YES;
				GCC_WARN_UNINITIALIZED_AUTOS = YES_AGGRESSIVE;
				GCC_WARN_UNUSED_FUNCTION = YES;
				GCC_WARN_UNUSED_VARIABLE = YES;
				IPHONEOS_DEPLOYMENT_TARGET = 8.2;
				MTL_ENABLE_DEBUG_INFO = NO;
				SDKROOT = iphoneos;
				TARGETED_DEVICE_FAMILY = "1,2";
				VALIDATE_PRODUCT = YES;
			};
			name = Release;
		};
		2C4E73291AC17D6000F35E0C /* Debug */ = {
			isa = XCBuildConfiguration;
			buildSettings = {
				ASSETCATALOG_COMPILER_APPICON_NAME = AppIcon;
				INFOPLIST_FILE = "Blog Reader/Info.plist";
				LD_RUNPATH_SEARCH_PATHS = "$(inherited) @executable_path/Frameworks";
				PRODUCT_NAME = "$(TARGET_NAME)";
			};
			name = Debug;
		};
		2C4E732A1AC17D6000F35E0C /* Release */ = {
			isa = XCBuildConfiguration;
			buildSettings = {
				ASSETCATALOG_COMPILER_APPICON_NAME = AppIcon;
				INFOPLIST_FILE = "Blog Reader/Info.plist";
				LD_RUNPATH_SEARCH_PATHS = "$(inherited) @executable_path/Frameworks";
				PRODUCT_NAME = "$(TARGET_NAME)";
			};
			name = Release;
		};
		2C4E732C1AC17D6000F35E0C /* Debug */ = {
			isa = XCBuildConfiguration;
			buildSettings = {
				BUNDLE_LOADER = "$(TEST_HOST)";
				FRAMEWORK_SEARCH_PATHS = (
					"$(SDKROOT)/Developer/Library/Frameworks",
					"$(inherited)",
				);
				GCC_PREPROCESSOR_DEFINITIONS = (
					"DEBUG=1",
					"$(inherited)",
				);
				INFOPLIST_FILE = "Blog ReaderTests/Info.plist";
				LD_RUNPATH_SEARCH_PATHS = "$(inherited) @executable_path/Frameworks @loader_path/Frameworks";
				PRODUCT_NAME = "$(TARGET_NAME)";
				TEST_HOST = "$(BUILT_PRODUCTS_DIR)/Blog Reader.app/Blog Reader";
			};
			name = Debug;
		};
		2C4E732D1AC17D6000F35E0C /* Release */ = {
			isa = XCBuildConfiguration;
			buildSettings = {
				BUNDLE_LOADER = "$(TEST_HOST)";
				FRAMEWORK_SEARCH_PATHS = (
					"$(SDKROOT)/Developer/Library/Frameworks",
					"$(inherited)",
				);
				INFOPLIST_FILE = "Blog ReaderTests/Info.plist";
				LD_RUNPATH_SEARCH_PATHS = "$(inherited) @executable_path/Frameworks @loader_path/Frameworks";
				PRODUCT_NAME = "$(TARGET_NAME)";
				TEST_HOST = "$(BUILT_PRODUCTS_DIR)/Blog Reader.app/Blog Reader";
			};
			name = Release;
		};
/* End XCBuildConfiguration section */

/* Begin XCConfigurationList section */
		2C4E72FF1AC17D6000F35E0C /* Build configuration list for PBXProject "Blog Reader" */ = {
			isa = XCConfigurationList;
			buildConfigurations = (
				2C4E73261AC17D6000F35E0C /* Debug */,
				2C4E73271AC17D6000F35E0C /* Release */,
			);
			defaultConfigurationIsVisible = 0;
			defaultConfigurationName = Release;
		};
		2C4E73281AC17D6000F35E0C /* Build configuration list for PBXNativeTarget "Blog Reader" */ = {
			isa = XCConfigurationList;
			buildConfigurations = (
				2C4E73291AC17D6000F35E0C /* Debug */,
				2C4E732A1AC17D6000F35E0C /* Release */,
			);
			defaultConfigurationIsVisible = 0;
		};
		2C4E732B1AC17D6000F35E0C /* Build configuration list for PBXNativeTarget "Blog ReaderTests" */ = {
			isa = XCConfigurationList;
			buildConfigurations = (
				2C4E732C1AC17D6000F35E0C /* Debug */,
				2C4E732D1AC17D6000F35E0C /* Release */,
			);
			defaultConfigurationIsVisible = 0;
		};
/* End XCConfigurationList section */

/* Begin XCVersionGroup section */
		2C4E730B1AC17D6000F35E0C /* Blog_Reader.xcdatamodeld */ = {
			isa = XCVersionGroup;
			children = (
				2C4E730C1AC17D6000F35E0C /* Blog_Reader.xcdatamodel */,
			);
			currentVersion = 2C4E730C1AC17D6000F35E0C /* Blog_Reader.xcdatamodel */;
			path = Blog_Reader.xcdatamodeld;
			sourceTree = "<group>";
			versionGroupType = wrapper.xcdatamodel;
		};
/* End XCVersionGroup section */
	};
	rootObject = 2C4E72FC1AC17D6000F35E0C /* Project object */;
}
