// !$*UTF8*$!
{
	archiveVersion = 1;
	classes = {
	};
	objectVersion = 46;
	objects = {

/* Begin PBXBuildFile section */
		2C1193461A9F111300E1CD1D /* AppDelegate.swift in Sources */ = {isa = PBXBuildFile; fileRef = 2C1193451A9F111300E1CD1D /* AppDelegate.swift */; };
		2C1193481A9F111300E1CD1D /* ViewController.swift in Sources */ = {isa = PBXBuildFile; fileRef = 2C1193471A9F111300E1CD1D /* ViewController.swift */; };
		2C11934B1A9F111300E1CD1D /* Main.storyboard in Resources */ = {isa = PBXBuildFile; fileRef = 2C1193491A9F111300E1CD1D /* Main.storyboard */; };
		2C11934D1A9F111300E1CD1D /* Images.xcassets in Resources */ = {isa = PBXBuildFile; fileRef = 2C11934C1A9F111300E1CD1D /* Images.xcassets */; };
		2C1193501A9F111300E1CD1D /* LaunchScreen.xib in Resources */ = {isa = PBXBuildFile; fileRef = 2C11934E1A9F111300E1CD1D /* LaunchScreen.xib */; };
		2C11935C1A9F111300E1CD1D /* Time_TableTests.swift in Sources */ = {isa = PBXBuildFile; fileRef = 2C11935B1A9F111300E1CD1D /* Time_TableTests.swift */; };
/* End PBXBuildFile section */

/* Begin PBXContainerItemProxy section */
		2C1193561A9F111300E1CD1D /* PBXContainerItemProxy */ = {
			isa = PBXContainerItemProxy;
			containerPortal = 2C1193381A9F111200E1CD1D /* Project object */;
			proxyType = 1;
			remoteGlobalIDString = 2C11933F1A9F111300E1CD1D;
			remoteInfo = "Time Table";
		};
/* End PBXContainerItemProxy section */

/* Begin PBXFileReference section */
		2C1193401A9F111300E1CD1D /* Time Table.app */ = {isa = PBXFileReference; explicitFileType = wrapper.application; includeInIndex = 0; path = "Time Table.app"; sourceTree = BUILT_PRODUCTS_DIR; };
		2C1193441A9F111300E1CD1D /* Info.plist */ = {isa = PBXFileReference; lastKnownFileType = text.plist.xml; path = Info.plist; sourceTree = "<group>"; };
		2C1193451A9F111300E1CD1D /* AppDelegate.swift */ = {isa = PBXFileReference; lastKnownFileType = sourcecode.swift; path = AppDelegate.swift; sourceTree = "<group>"; };
		2C1193471A9F111300E1CD1D /* ViewController.swift */ = {isa = PBXFileReference; lastKnownFileType = sourcecode.swift; path = ViewController.swift; sourceTree = "<group>"; };
		2C11934A1A9F111300E1CD1D /* Base */ = {isa = PBXFileReference; lastKnownFileType = file.storyboard; name = Base; path = Base.lproj/Main.storyboard; sourceTree = "<group>"; };
		2C11934C1A9F111300E1CD1D /* Images.xcassets */ = {isa = PBXFileReference; lastKnownFileType = folder.assetcatalog; path = Images.xcassets; sourceTree = "<group>"; };
		2C11934F1A9F111300E1CD1D /* Base */ = {isa = PBXFileReference; lastKnownFileType = file.xib; name = Base; path = Base.lproj/LaunchScreen.xib; sourceTree = "<group>"; };
		2C1193551A9F111300E1CD1D /* Time TableTests.xctest */ = {isa = PBXFileReference; explicitFileType = wrapper.cfbundle; includeInIndex = 0; path = "Time TableTests.xctest"; sourceTree = BUILT_PRODUCTS_DIR; };
		2C11935A1A9F111300E1CD1D /* Info.plist */ = {isa = PBXFileReference; lastKnownFileType = text.plist.xml; path = Info.plist; sourceTree = "<group>"; };
		2C11935B1A9F111300E1CD1D /* Time_TableTests.swift */ = {isa = PBXFileReference; lastKnownFileType = sourcecode.swift; path = Time_TableTests.swift; sourceTree = "<group>"; };
/* End PBXFileReference section */

/* Begin PBXFrameworksBuildPhase section */
		2C11933D1A9F111300E1CD1D /* Frameworks */ = {
			isa = PBXFrameworksBuildPhase;
			buildActionMask = 2147483647;
			files = (
			);
			runOnlyForDeploymentPostprocessing = 0;
		};
		2C1193521A9F111300E1CD1D /* Frameworks */ = {
			isa = PBXFrameworksBuildPhase;
			buildActionMask = 2147483647;
			files = (
			);
			runOnlyForDeploymentPostprocessing = 0;
		};
/* End PBXFrameworksBuildPhase section */

/* Begin PBXGroup section */
		2C1193371A9F111200E1CD1D = {
			isa = PBXGroup;
			children = (
				2C1193421A9F111300E1CD1D /* Time Table */,
				2C1193581A9F111300E1CD1D /* Time TableTests */,
				2C1193411A9F111300E1CD1D /* Products */,
			);
			sourceTree = "<group>";
		};
		2C1193411A9F111300E1CD1D /* Products */ = {
			isa = PBXGroup;
			children = (
				2C1193401A9F111300E1CD1D /* Time Table.app */,
				2C1193551A9F111300E1CD1D /* Time TableTests.xctest */,
			);
			name = Products;
			sourceTree = "<group>";
		};
		2C1193421A9F111300E1CD1D /* Time Table */ = {
			isa = PBXGroup;
			children = (
				2C1193451A9F111300E1CD1D /* AppDelegate.swift */,
				2C1193471A9F111300E1CD1D /* ViewController.swift */,
				2C1193491A9F111300E1CD1D /* Main.storyboard */,
				2C11934C1A9F111300E1CD1D /* Images.xcassets */,
				2C11934E1A9F111300E1CD1D /* LaunchScreen.xib */,
				2C1193431A9F111300E1CD1D /* Supporting Files */,
			);
			path = "Time Table";
			sourceTree = "<group>";
		};
		2C1193431A9F111300E1CD1D /* Supporting Files */ = {
			isa = PBXGroup;
			children = (
				2C1193441A9F111300E1CD1D /* Info.plist */,
			);
			name = "Supporting Files";
			sourceTree = "<group>";
		};
		2C1193581A9F111300E1CD1D /* Time TableTests */ = {
			isa = PBXGroup;
			children = (
				2C11935B1A9F111300E1CD1D /* Time_TableTests.swift */,
				2C1193591A9F111300E1CD1D /* Supporting Files */,
			);
			path = "Time TableTests";
			sourceTree = "<group>";
		};
		2C1193591A9F111300E1CD1D /* Supporting Files */ = {
			isa = PBXGroup;
			children = (
				2C11935A1A9F111300E1CD1D /* Info.plist */,
			);
			name = "Supporting Files";
			sourceTree = "<group>";
		};
/* End PBXGroup section */

/* Begin PBXNativeTarget section */
		2C11933F1A9F111300E1CD1D /* Time Table */ = {
			isa = PBXNativeTarget;
			buildConfigurationList = 2C11935F1A9F111300E1CD1D /* Build configuration list for PBXNativeTarget "Time Table" */;
			buildPhases = (
				2C11933C1A9F111300E1CD1D /* Sources */,
				2C11933D1A9F111300E1CD1D /* Frameworks */,
				2C11933E1A9F111300E1CD1D /* Resources */,
			);
			buildRules = (
			);
			dependencies = (
			);
			name = "Time Table";
			productName = "Time Table";
			productReference = 2C1193401A9F111300E1CD1D /* Time Table.app */;
			productType = "com.apple.product-type.application";
		};
		2C1193541A9F111300E1CD1D /* Time TableTests */ = {
			isa = PBXNativeTarget;
			buildConfigurationList = 2C1193621A9F111300E1CD1D /* Build configuration list for PBXNativeTarget "Time TableTests" */;
			buildPhases = (
				2C1193511A9F111300E1CD1D /* Sources */,
				2C1193521A9F111300E1CD1D /* Frameworks */,
				2C1193531A9F111300E1CD1D /* Resources */,
			);
			buildRules = (
			);
			dependencies = (
				2C1193571A9F111300E1CD1D /* PBXTargetDependency */,
			);
			name = "Time TableTests";
			productName = "Time TableTests";
			productReference = 2C1193551A9F111300E1CD1D /* Time TableTests.xctest */;
			productType = "com.apple.product-type.bundle.unit-test";
		};
/* End PBXNativeTarget section */

/* Begin PBXProject section */
		2C1193381A9F111200E1CD1D /* Project object */ = {
			isa = PBXProject;
			attributes = {
				LastUpgradeCheck = 0610;
				ORGANIZATIONNAME = "Naing Lin Aung";
				TargetAttributes = {
					2C11933F1A9F111300E1CD1D = {
						CreatedOnToolsVersion = 6.1.1;
					};
					2C1193541A9F111300E1CD1D = {
						CreatedOnToolsVersion = 6.1.1;
						TestTargetID = 2C11933F1A9F111300E1CD1D;
					};
				};
			};
			buildConfigurationList = 2C11933B1A9F111200E1CD1D /* Build configuration list for PBXProject "Time Table" */;
			compatibilityVersion = "Xcode 3.2";
			developmentRegion = English;
			hasScannedForEncodings = 0;
			knownRegions = (
				en,
				Base,
			);
			mainGroup = 2C1193371A9F111200E1CD1D;
			productRefGroup = 2C1193411A9F111300E1CD1D /* Products */;
			projectDirPath = "";
			projectRoot = "";
			targets = (
				2C11933F1A9F111300E1CD1D /* Time Table */,
				2C1193541A9F111300E1CD1D /* Time TableTests */,
			);
		};
/* End PBXProject section */

/* Begin PBXResourcesBuildPhase section */
		2C11933E1A9F111300E1CD1D /* Resources */ = {
			isa = PBXResourcesBuildPhase;
			buildActionMask = 2147483647;
			files = (
				2C11934B1A9F111300E1CD1D /* Main.storyboard in Resources */,
				2C1193501A9F111300E1CD1D /* LaunchScreen.xib in Resources */,
				2C11934D1A9F111300E1CD1D /* Images.xcassets in Resources */,
			);
			runOnlyForDeploymentPostprocessing = 0;
		};
		2C1193531A9F111300E1CD1D /* Resources */ = {
			isa = PBXResourcesBuildPhase;
			buildActionMask = 2147483647;
			files = (
			);
			runOnlyForDeploymentPostprocessing = 0;
		};
/* End PBXResourcesBuildPhase section */

/* Begin PBXSourcesBuildPhase section */
		2C11933C1A9F111300E1CD1D /* Sources */ = {
			isa = PBXSourcesBuildPhase;
			buildActionMask = 2147483647;
			files = (
				2C1193481A9F111300E1CD1D /* ViewController.swift in Sources */,
				2C1193461A9F111300E1CD1D /* AppDelegate.swift in Sources */,
			);
			runOnlyForDeploymentPostprocessing = 0;
		};
		2C1193511A9F111300E1CD1D /* Sources */ = {
			isa = PBXSourcesBuildPhase;
			buildActionMask = 2147483647;
			files = (
				2C11935C1A9F111300E1CD1D /* Time_TableTests.swift in Sources */,
			);
			runOnlyForDeploymentPostprocessing = 0;
		};
/* End PBXSourcesBuildPhase section */

/* Begin PBXTargetDependency section */
		2C1193571A9F111300E1CD1D /* PBXTargetDependency */ = {
			isa = PBXTargetDependency;
			target = 2C11933F1A9F111300E1CD1D /* Time Table */;
			targetProxy = 2C1193561A9F111300E1CD1D /* PBXContainerItemProxy */;
		};
/* End PBXTargetDependency section */

/* Begin PBXVariantGroup section */
		2C1193491A9F111300E1CD1D /* Main.storyboard */ = {
			isa = PBXVariantGroup;
			children = (
				2C11934A1A9F111300E1CD1D /* Base */,
			);
			name = Main.storyboard;
			sourceTree = "<group>";
		};
		2C11934E1A9F111300E1CD1D /* LaunchScreen.xib */ = {
			isa = PBXVariantGroup;
			children = (
				2C11934F1A9F111300E1CD1D /* Base */,
			);
			name = LaunchScreen.xib;
			sourceTree = "<group>";
		};
/* End PBXVariantGroup section */

/* Begin XCBuildConfiguration section */
		2C11935D1A9F111300E1CD1D /* Debug */ = {
			isa = XCBuildConfiguration;
			buildSettings = {
				ALWAYS_SEARCH_USER_PATHS = NO;
				CLANG_CXX_LANGUAGE_STANDARD = "gnu++0x";
				CLANG_CXX_LIBRARY = "libc++";
				CLANG_ENABLE_MODULES = YES;
				CLANG_ENABLE_OBJC_ARC = YES;
				CLANG_WARN_BOOL_CONVERSION = YES;
				CLANG_WARN_CONSTANT_CONVERSION = YES;
				CLANG_WARN_DIRECT_OBJC_ISA_USAGE = YES_ERROR;
				CLANG_WARN_EMPTY_BODY = YES;
				CLANG_WARN_ENUM_CONVERSION = YES;
				CLANG_WARN_INT_CONVERSION = YES;
				CLANG_WARN_OBJC_ROOT_CLASS = YES_ERROR;
				CLANG_WARN_UNREACHABLE_CODE = YES;
				CLANG_WARN__DUPLICATE_METHOD_MATCH = YES;
				"CODE_SIGN_IDENTITY[sdk=iphoneos*]" = "iPhone Developer";
				COPY_PHASE_STRIP = NO;
				ENABLE_STRICT_OBJC_MSGSEND = YES;
				GCC_C_LANGUAGE_STANDARD = gnu99;
				GCC_DYNAMIC_NO_PIC = NO;
				GCC_OPTIMIZATION_LEVEL = 0;
				GCC_PREPROCESSOR_DEFINITIONS = (
					"DEBUG=1",
					"$(inherited)",
				);
				GCC_SYMBOLS_PRIVATE_EXTERN = NO;
				GCC_WARN_64_TO_32_BIT_CONVERSION = YES;
				GCC_WARN_ABOUT_RETURN_TYPE = YES_ERROR;
				GCC_WARN_UNDECLARED_SELECTOR = YES;
				GCC_WARN_UNINITIALIZED_AUTOS = YES_AGGRESSIVE;
				GCC_WARN_UNUSED_FUNCTION = YES;
				GCC_WARN_UNUSED_VARIABLE = YES;
				IPHONEOS_DEPLOYMENT_TARGET = 8.1;
				MTL_ENABLE_DEBUG_INFO = YES;
				ONLY_ACTIVE_ARCH = YES;
				SDKROOT = iphoneos;
				SWIFT_OPTIMIZATION_LEVEL = "-Onone";
				TARGETED_DEVICE_FAMILY = "1,2";
			};
			name = Debug;
		};
		2C11935E1A9F111300E1CD1D /* Release */ = {
			isa = XCBuildConfiguration;
			buildSettings = {
				ALWAYS_SEARCH_USER_PATHS = NO;
				CLANG_CXX_LANGUAGE_STANDARD = "gnu++0x";
				CLANG_CXX_LIBRARY = "libc++";
				CLANG_ENABLE_MODULES = YES;
				CLANG_ENABLE_OBJC_ARC = YES;
				CLANG_WARN_BOOL_CONVERSION = YES;
				CLANG_WARN_CONSTANT_CONVERSION = YES;
				CLANG_WARN_DIRECT_OBJC_ISA_USAGE = YES_ERROR;
				CLANG_WARN_EMPTY_BODY = YES;
				CLANG_WARN_ENUM_CONVERSION = YES;
				CLANG_WARN_INT_CONVERSION = YES;
				CLANG_WARN_OBJC_ROOT_CLASS = YES_ERROR;
				CLANG_WARN_UNREACHABLE_CODE = YES;
				CLANG_WARN__DUPLICATE_METHOD_MATCH = YES;
				"CODE_SIGN_IDENTITY[sdk=iphoneos*]" = "iPhone Developer";
				COPY_PHASE_STRIP = YES;
				ENABLE_NS_ASSERTIONS = NO;
				ENABLE_STRICT_OBJC_MSGSEND = YES;
				GCC_C_LANGUAGE_STANDARD = gnu99;
				GCC_WARN_64_TO_32_BIT_CONVERSION = YES;
				GCC_WARN_ABOUT_RETURN_TYPE = YES_ERROR;
				GCC_WARN_UNDECLARED_SELECTOR = YES;
				GCC_WARN_UNINITIALIZED_AUTOS = YES_AGGRESSIVE;
				GCC_WARN_UNUSED_FUNCTION = YES;
				GCC_WARN_UNUSED_VARIABLE = YES;
				IPHONEOS_DEPLOYMENT_TARGET = 8.1;
				MTL_ENABLE_DEBUG_INFO = NO;
				SDKROOT = iphoneos;
				TARGETED_DEVICE_FAMILY = "1,2";
				VALIDATE_PRODUCT = YES;
			};
			name = Release;
		};
		2C1193601A9F111300E1CD1D /* Debug */ = {
			isa = XCBuildConfiguration;
			buildSettings = {
				ASSETCATALOG_COMPILER_APPICON_NAME = AppIcon;
				INFOPLIST_FILE = "Time Table/Info.plist";
				LD_RUNPATH_SEARCH_PATHS = "$(inherited) @executable_path/Frameworks";
				PRODUCT_NAME = "$(TARGET_NAME)";
			};
			name = Debug;
		};
		2C1193611A9F111300E1CD1D /* Release */ = {
			isa = XCBuildConfiguration;
			buildSettings = {
				ASSETCATALOG_COMPILER_APPICON_NAME = AppIcon;
				INFOPLIST_FILE = "Time Table/Info.plist";
				LD_RUNPATH_SEARCH_PATHS = "$(inherited) @executable_path/Frameworks";
				PRODUCT_NAME = "$(TARGET_NAME)";
			};
			name = Release;
		};
		2C1193631A9F111300E1CD1D /* Debug */ = {
			isa = XCBuildConfiguration;
			buildSettings = {
				BUNDLE_LOADER = "$(TEST_HOST)";
				FRAMEWORK_SEARCH_PATHS = (
					"$(SDKROOT)/Developer/Library/Frameworks",
					"$(inherited)",
				);
				GCC_PREPROCESSOR_DEFINITIONS = (
					"DEBUG=1",
					"$(inherited)",
				);
				INFOPLIST_FILE = "Time TableTests/Info.plist";
				LD_RUNPATH_SEARCH_PATHS = "$(inherited) @executable_path/Frameworks @loader_path/Frameworks";
				PRODUCT_NAME = "$(TARGET_NAME)";
				TEST_HOST = "$(BUILT_PRODUCTS_DIR)/Time Table.app/Time Table";
			};
			name = Debug;
		};
		2C1193641A9F111300E1CD1D /* Release */ = {
			isa = XCBuildConfiguration;
			buildSettings = {
				BUNDLE_LOADER = "$(TEST_HOST)";
				FRAMEWORK_SEARCH_PATHS = (
					"$(SDKROOT)/Developer/Library/Frameworks",
					"$(inherited)",
				);
				INFOPLIST_FILE = "Time TableTests/Info.plist";
				LD_RUNPATH_SEARCH_PATHS = "$(inherited) @executable_path/Frameworks @loader_path/Frameworks";
				PRODUCT_NAME = "$(TARGET_NAME)";
				TEST_HOST = "$(BUILT_PRODUCTS_DIR)/Time Table.app/Time Table";
			};
			name = Release;
		};
/* End XCBuildConfiguration section */

/* Begin XCConfigurationList section */
		2C11933B1A9F111200E1CD1D /* Build configuration list for PBXProject "Time Table" */ = {
			isa = XCConfigurationList;
			buildConfigurations = (
				2C11935D1A9F111300E1CD1D /* Debug */,
				2C11935E1A9F111300E1CD1D /* Release */,
			);
			defaultConfigurationIsVisible = 0;
			defaultConfigurationName = Release;
		};
		2C11935F1A9F111300E1CD1D /* Build configuration list for PBXNativeTarget "Time Table" */ = {
			isa = XCConfigurationList;
			buildConfigurations = (
				2C1193601A9F111300E1CD1D /* Debug */,
				2C1193611A9F111300E1CD1D /* Release */,
			);
			defaultConfigurationIsVisible = 0;
		};
		2C1193621A9F111300E1CD1D /* Build configuration list for PBXNativeTarget "Time TableTests" */ = {
			isa = XCConfigurationList;
			buildConfigurations = (
				2C1193631A9F111300E1CD1D /* Debug */,
				2C1193641A9F111300E1CD1D /* Release */,
			);
			defaultConfigurationIsVisible = 0;
		};
/* End XCConfigurationList section */
	};
	rootObject = 2C1193381A9F111200E1CD1D /* Project object */;
}
