// !$*UTF8*$!
{
	archiveVersion = 1;
	classes = {
	};
	objectVersion = 46;
	objects = {

/* Begin PBXBuildFile section */
		2C7FA7FC1AA95F0300A62CE2 /* AppDelegate.swift in Sources */ = {isa = PBXBuildFile; fileRef = 2C7FA7FB1AA95F0300A62CE2 /* AppDelegate.swift */; };
		2C7FA7FE1AA95F0300A62CE2 /* ViewController.swift in Sources */ = {isa = PBXBuildFile; fileRef = 2C7FA7FD1AA95F0300A62CE2 /* ViewController.swift */; };
		2C7FA8011AA95F0300A62CE2 /* Main.storyboard in Resources */ = {isa = PBXBuildFile; fileRef = 2C7FA7FF1AA95F0300A62CE2 /* Main.storyboard */; };
		2C7FA8031AA95F0300A62CE2 /* Images.xcassets in Resources */ = {isa = PBXBuildFile; fileRef = 2C7FA8021AA95F0300A62CE2 /* Images.xcassets */; };
		2C7FA8061AA95F0300A62CE2 /* LaunchScreen.xib in Resources */ = {isa = PBXBuildFile; fileRef = 2C7FA8041AA95F0300A62CE2 /* LaunchScreen.xib */; };
		2C7FA8121AA95F0300A62CE2 /* WealtherTests.swift in Sources */ = {isa = PBXBuildFile; fileRef = 2C7FA8111AA95F0300A62CE2 /* WealtherTests.swift */; };
		2C7FA81C1AA95F2E00A62CE2 /* sun.jpg in Resources */ = {isa = PBXBuildFile; fileRef = 2C7FA81B1AA95F2E00A62CE2 /* sun.jpg */; };
/* End PBXBuildFile section */

/* Begin PBXContainerItemProxy section */
		2C7FA80C1AA95F0300A62CE2 /* PBXContainerItemProxy */ = {
			isa = PBXContainerItemProxy;
			containerPortal = 2C7FA7EE1AA95F0300A62CE2 /* Project object */;
			proxyType = 1;
			remoteGlobalIDString = 2C7FA7F51AA95F0300A62CE2;
			remoteInfo = Wealther;
		};
/* End PBXContainerItemProxy section */

/* Begin PBXFileReference section */
		2C7FA7F61AA95F0300A62CE2 /* Wealther.app */ = {isa = PBXFileReference; explicitFileType = wrapper.application; includeInIndex = 0; path = Wealther.app; sourceTree = BUILT_PRODUCTS_DIR; };
		2C7FA7FA1AA95F0300A62CE2 /* Info.plist */ = {isa = PBXFileReference; lastKnownFileType = text.plist.xml; path = Info.plist; sourceTree = "<group>"; };
		2C7FA7FB1AA95F0300A62CE2 /* AppDelegate.swift */ = {isa = PBXFileReference; lastKnownFileType = sourcecode.swift; path = AppDelegate.swift; sourceTree = "<group>"; };
		2C7FA7FD1AA95F0300A62CE2 /* ViewController.swift */ = {isa = PBXFileReference; lastKnownFileType = sourcecode.swift; path = ViewController.swift; sourceTree = "<group>"; };
		2C7FA8001AA95F0300A62CE2 /* Base */ = {isa = PBXFileReference; lastKnownFileType = file.storyboard; name = Base; path = Base.lproj/Main.storyboard; sourceTree = "<group>"; };
		2C7FA8021AA95F0300A62CE2 /* Images.xcassets */ = {isa = PBXFileReference; lastKnownFileType = folder.assetcatalog; path = Images.xcassets; sourceTree = "<group>"; };
		2C7FA8051AA95F0300A62CE2 /* Base */ = {isa = PBXFileReference; lastKnownFileType = file.xib; name = Base; path = Base.lproj/LaunchScreen.xib; sourceTree = "<group>"; };
		2C7FA80B1AA95F0300A62CE2 /* WealtherTests.xctest */ = {isa = PBXFileReference; explicitFileType = wrapper.cfbundle; includeInIndex = 0; path = WealtherTests.xctest; sourceTree = BUILT_PRODUCTS_DIR; };
		2C7FA8101AA95F0300A62CE2 /* Info.plist */ = {isa = PBXFileReference; lastKnownFileType = text.plist.xml; path = Info.plist; sourceTree = "<group>"; };
		2C7FA8111AA95F0300A62CE2 /* WealtherTests.swift */ = {isa = PBXFileReference; lastKnownFileType = sourcecode.swift; path = WealtherTests.swift; sourceTree = "<group>"; };
		2C7FA81B1AA95F2E00A62CE2 /* sun.jpg */ = {isa = PBXFileReference; lastKnownFileType = image.jpeg; path = sun.jpg; sourceTree = "<group>"; };
/* End PBXFileReference section */

/* Begin PBXFrameworksBuildPhase section */
		2C7FA7F31AA95F0300A62CE2 /* Frameworks */ = {
			isa = PBXFrameworksBuildPhase;
			buildActionMask = 2147483647;
			files = (
			);
			runOnlyForDeploymentPostprocessing = 0;
		};
		2C7FA8081AA95F0300A62CE2 /* Frameworks */ = {
			isa = PBXFrameworksBuildPhase;
			buildActionMask = 2147483647;
			files = (
			);
			runOnlyForDeploymentPostprocessing = 0;
		};
/* End PBXFrameworksBuildPhase section */

/* Begin PBXGroup section */
		2C7FA7ED1AA95F0300A62CE2 = {
			isa = PBXGroup;
			children = (
				2C7FA7F81AA95F0300A62CE2 /* Wealther */,
				2C7FA80E1AA95F0300A62CE2 /* WealtherTests */,
				2C7FA7F71AA95F0300A62CE2 /* Products */,
			);
			sourceTree = "<group>";
		};
		2C7FA7F71AA95F0300A62CE2 /* Products */ = {
			isa = PBXGroup;
			children = (
				2C7FA7F61AA95F0300A62CE2 /* Wealther.app */,
				2C7FA80B1AA95F0300A62CE2 /* WealtherTests.xctest */,
			);
			name = Products;
			sourceTree = "<group>";
		};
		2C7FA7F81AA95F0300A62CE2 /* Wealther */ = {
			isa = PBXGroup;
			children = (
				2C7FA7FB1AA95F0300A62CE2 /* AppDelegate.swift */,
				2C7FA7FD1AA95F0300A62CE2 /* ViewController.swift */,
				2C7FA7FF1AA95F0300A62CE2 /* Main.storyboard */,
				2C7FA81B1AA95F2E00A62CE2 /* sun.jpg */,
				2C7FA8021AA95F0300A62CE2 /* Images.xcassets */,
				2C7FA8041AA95F0300A62CE2 /* LaunchScreen.xib */,
				2C7FA7F91AA95F0300A62CE2 /* Supporting Files */,
			);
			path = Wealther;
			sourceTree = "<group>";
		};
		2C7FA7F91AA95F0300A62CE2 /* Supporting Files */ = {
			isa = PBXGroup;
			children = (
				2C7FA7FA1AA95F0300A62CE2 /* Info.plist */,
			);
			name = "Supporting Files";
			sourceTree = "<group>";
		};
		2C7FA80E1AA95F0300A62CE2 /* WealtherTests */ = {
			isa = PBXGroup;
			children = (
				2C7FA8111AA95F0300A62CE2 /* WealtherTests.swift */,
				2C7FA80F1AA95F0300A62CE2 /* Supporting Files */,
			);
			path = WealtherTests;
			sourceTree = "<group>";
		};
		2C7FA80F1AA95F0300A62CE2 /* Supporting Files */ = {
			isa = PBXGroup;
			children = (
				2C7FA8101AA95F0300A62CE2 /* Info.plist */,
			);
			name = "Supporting Files";
			sourceTree = "<group>";
		};
/* End PBXGroup section */

/* Begin PBXNativeTarget section */
		2C7FA7F51AA95F0300A62CE2 /* Wealther */ = {
			isa = PBXNativeTarget;
			buildConfigurationList = 2C7FA8151AA95F0300A62CE2 /* Build configuration list for PBXNativeTarget "Wealther" */;
			buildPhases = (
				2C7FA7F21AA95F0300A62CE2 /* Sources */,
				2C7FA7F31AA95F0300A62CE2 /* Frameworks */,
				2C7FA7F41AA95F0300A62CE2 /* Resources */,
			);
			buildRules = (
			);
			dependencies = (
			);
			name = Wealther;
			productName = Wealther;
			productReference = 2C7FA7F61AA95F0300A62CE2 /* Wealther.app */;
			productType = "com.apple.product-type.application";
		};
		2C7FA80A1AA95F0300A62CE2 /* WealtherTests */ = {
			isa = PBXNativeTarget;
			buildConfigurationList = 2C7FA8181AA95F0300A62CE2 /* Build configuration list for PBXNativeTarget "WealtherTests" */;
			buildPhases = (
				2C7FA8071AA95F0300A62CE2 /* Sources */,
				2C7FA8081AA95F0300A62CE2 /* Frameworks */,
				2C7FA8091AA95F0300A62CE2 /* Resources */,
			);
			buildRules = (
			);
			dependencies = (
				2C7FA80D1AA95F0300A62CE2 /* PBXTargetDependency */,
			);
			name = WealtherTests;
			productName = WealtherTests;
			productReference = 2C7FA80B1AA95F0300A62CE2 /* WealtherTests.xctest */;
			productType = "com.apple.product-type.bundle.unit-test";
		};
/* End PBXNativeTarget section */

/* Begin PBXProject section */
		2C7FA7EE1AA95F0300A62CE2 /* Project object */ = {
			isa = PBXProject;
			attributes = {
				LastUpgradeCheck = 0610;
				ORGANIZATIONNAME = "Naing Lin Aung";
				TargetAttributes = {
					2C7FA7F51AA95F0300A62CE2 = {
						CreatedOnToolsVersion = 6.1.1;
					};
					2C7FA80A1AA95F0300A62CE2 = {
						CreatedOnToolsVersion = 6.1.1;
						TestTargetID = 2C7FA7F51AA95F0300A62CE2;
					};
				};
			};
			buildConfigurationList = 2C7FA7F11AA95F0300A62CE2 /* Build configuration list for PBXProject "Wealther" */;
			compatibilityVersion = "Xcode 3.2";
			developmentRegion = English;
			hasScannedForEncodings = 0;
			knownRegions = (
				en,
				Base,
			);
			mainGroup = 2C7FA7ED1AA95F0300A62CE2;
			productRefGroup = 2C7FA7F71AA95F0300A62CE2 /* Products */;
			projectDirPath = "";
			projectRoot = "";
			targets = (
				2C7FA7F51AA95F0300A62CE2 /* Wealther */,
				2C7FA80A1AA95F0300A62CE2 /* WealtherTests */,
			);
		};
/* End PBXProject section */

/* Begin PBXResourcesBuildPhase section */
		2C7FA7F41AA95F0300A62CE2 /* Resources */ = {
			isa = PBXResourcesBuildPhase;
			buildActionMask = 2147483647;
			files = (
				2C7FA81C1AA95F2E00A62CE2 /* sun.jpg in Resources */,
				2C7FA8011AA95F0300A62CE2 /* Main.storyboard in Resources */,
				2C7FA8061AA95F0300A62CE2 /* LaunchScreen.xib in Resources */,
				2C7FA8031AA95F0300A62CE2 /* Images.xcassets in Resources */,
			);
			runOnlyForDeploymentPostprocessing = 0;
		};
		2C7FA8091AA95F0300A62CE2 /* Resources */ = {
			isa = PBXResourcesBuildPhase;
			buildActionMask = 2147483647;
			files = (
			);
			runOnlyForDeploymentPostprocessing = 0;
		};
/* End PBXResourcesBuildPhase section */

/* Begin PBXSourcesBuildPhase section */
		2C7FA7F21AA95F0300A62CE2 /* Sources */ = {
			isa = PBXSourcesBuildPhase;
			buildActionMask = 2147483647;
			files = (
				2C7FA7FE1AA95F0300A62CE2 /* ViewController.swift in Sources */,
				2C7FA7FC1AA95F0300A62CE2 /* AppDelegate.swift in Sources */,
			);
			runOnlyForDeploymentPostprocessing = 0;
		};
		2C7FA8071AA95F0300A62CE2 /* Sources */ = {
			isa = PBXSourcesBuildPhase;
			buildActionMask = 2147483647;
			files = (
				2C7FA8121AA95F0300A62CE2 /* WealtherTests.swift in Sources */,
			);
			runOnlyForDeploymentPostprocessing = 0;
		};
/* End PBXSourcesBuildPhase section */

/* Begin PBXTargetDependency section */
		2C7FA80D1AA95F0300A62CE2 /* PBXTargetDependency */ = {
			isa = PBXTargetDependency;
			target = 2C7FA7F51AA95F0300A62CE2 /* Wealther */;
			targetProxy = 2C7FA80C1AA95F0300A62CE2 /* PBXContainerItemProxy */;
		};
/* End PBXTargetDependency section */

/* Begin PBXVariantGroup section */
		2C7FA7FF1AA95F0300A62CE2 /* Main.storyboard */ = {
			isa = PBXVariantGroup;
			children = (
				2C7FA8001AA95F0300A62CE2 /* Base */,
			);
			name = Main.storyboard;
			sourceTree = "<group>";
		};
		2C7FA8041AA95F0300A62CE2 /* LaunchScreen.xib */ = {
			isa = PBXVariantGroup;
			children = (
				2C7FA8051AA95F0300A62CE2 /* Base */,
			);
			name = LaunchScreen.xib;
			sourceTree = "<group>";
		};
/* End PBXVariantGroup section */

/* Begin XCBuildConfiguration section */
		2C7FA8131AA95F0300A62CE2 /* Debug */ = {
			isa = XCBuildConfiguration;
			buildSettings = {
				ALWAYS_SEARCH_USER_PATHS = NO;
				CLANG_CXX_LANGUAGE_STANDARD = "gnu++0x";
				CLANG_CXX_LIBRARY = "libc++";
				CLANG_ENABLE_MODULES = YES;
				CLANG_ENABLE_OBJC_ARC = YES;
				CLANG_WARN_BOOL_CONVERSION = YES;
				CLANG_WARN_CONSTANT_CONVERSION = YES;
				CLANG_WARN_DIRECT_OBJC_ISA_USAGE = YES_ERROR;
				CLANG_WARN_EMPTY_BODY = YES;
				CLANG_WARN_ENUM_CONVERSION = YES;
				CLANG_WARN_INT_CONVERSION = YES;
				CLANG_WARN_OBJC_ROOT_CLASS = YES_ERROR;
				CLANG_WARN_UNREACHABLE_CODE = YES;
				CLANG_WARN__DUPLICATE_METHOD_MATCH = YES;
				"CODE_SIGN_IDENTITY[sdk=iphoneos*]" = "iPhone Developer";
				COPY_PHASE_STRIP = NO;
				ENABLE_STRICT_OBJC_MSGSEND = YES;
				GCC_C_LANGUAGE_STANDARD = gnu99;
				GCC_DYNAMIC_NO_PIC = NO;
				GCC_OPTIMIZATION_LEVEL = 0;
				GCC_PREPROCESSOR_DEFINITIONS = (
					"DEBUG=1",
					"$(inherited)",
				);
				GCC_SYMBOLS_PRIVATE_EXTERN = NO;
				GCC_WARN_64_TO_32_BIT_CONVERSION = YES;
				GCC_WARN_ABOUT_RETURN_TYPE = YES_ERROR;
				GCC_WARN_UNDECLARED_SELECTOR = YES;
				GCC_WARN_UNINITIALIZED_AUTOS = YES_AGGRESSIVE;
				GCC_WARN_UNUSED_FUNCTION = YES;
				GCC_WARN_UNUSED_VARIABLE = YES;
				IPHONEOS_DEPLOYMENT_TARGET = 8.1;
				MTL_ENABLE_DEBUG_INFO = YES;
				ONLY_ACTIVE_ARCH = YES;
				SDKROOT = iphoneos;
				SWIFT_OPTIMIZATION_LEVEL = "-Onone";
				TARGETED_DEVICE_FAMILY = "1,2";
			};
			name = Debug;
		};
		2C7FA8141AA95F0300A62CE2 /* Release */ = {
			isa = XCBuildConfiguration;
			buildSettings = {
				ALWAYS_SEARCH_USER_PATHS = NO;
				CLANG_CXX_LANGUAGE_STANDARD = "gnu++0x";
				CLANG_CXX_LIBRARY = "libc++";
				CLANG_ENABLE_MODULES = YES;
				CLANG_ENABLE_OBJC_ARC = YES;
				CLANG_WARN_BOOL_CONVERSION = YES;
				CLANG_WARN_CONSTANT_CONVERSION = YES;
				CLANG_WARN_DIRECT_OBJC_ISA_USAGE = YES_ERROR;
				CLANG_WARN_EMPTY_BODY = YES;
				CLANG_WARN_ENUM_CONVERSION = YES;
				CLANG_WARN_INT_CONVERSION = YES;
				CLANG_WARN_OBJC_ROOT_CLASS = YES_ERROR;
				CLANG_WARN_UNREACHABLE_CODE = YES;
				CLANG_WARN__DUPLICATE_METHOD_MATCH = YES;
				"CODE_SIGN_IDENTITY[sdk=iphoneos*]" = "iPhone Developer";
				COPY_PHASE_STRIP = YES;
				ENABLE_NS_ASSERTIONS = NO;
				ENABLE_STRICT_OBJC_MSGSEND = YES;
				GCC_C_LANGUAGE_STANDARD = gnu99;
				GCC_WARN_64_TO_32_BIT_CONVERSION = YES;
				GCC_WARN_ABOUT_RETURN_TYPE = YES_ERROR;
				GCC_WARN_UNDECLARED_SELECTOR = YES;
				GCC_WARN_UNINITIALIZED_AUTOS = YES_AGGRESSIVE;
				GCC_WARN_UNUSED_FUNCTION = YES;
				GCC_WARN_UNUSED_VARIABLE = YES;
				IPHONEOS_DEPLOYMENT_TARGET = 8.1;
				MTL_ENABLE_DEBUG_INFO = NO;
				SDKROOT = iphoneos;
				TARGETED_DEVICE_FAMILY = "1,2";
				VALIDATE_PRODUCT = YES;
			};
			name = Release;
		};
		2C7FA8161AA95F0300A62CE2 /* Debug */ = {
			isa = XCBuildConfiguration;
			buildSettings = {
				ASSETCATALOG_COMPILER_APPICON_NAME = AppIcon;
				INFOPLIST_FILE = Wealther/Info.plist;
				LD_RUNPATH_SEARCH_PATHS = "$(inherited) @executable_path/Frameworks";
				PRODUCT_NAME = "$(TARGET_NAME)";
			};
			name = Debug;
		};
		2C7FA8171AA95F0300A62CE2 /* Release */ = {
			isa = XCBuildConfiguration;
			buildSettings = {
				ASSETCATALOG_COMPILER_APPICON_NAME = AppIcon;
				INFOPLIST_FILE = Wealther/Info.plist;
				LD_RUNPATH_SEARCH_PATHS = "$(inherited) @executable_path/Frameworks";
				PRODUCT_NAME = "$(TARGET_NAME)";
			};
			name = Release;
		};
		2C7FA8191AA95F0300A62CE2 /* Debug */ = {
			isa = XCBuildConfiguration;
			buildSettings = {
				BUNDLE_LOADER = "$(TEST_HOST)";
				FRAMEWORK_SEARCH_PATHS = (
					"$(SDKROOT)/Developer/Library/Frameworks",
					"$(inherited)",
				);
				GCC_PREPROCESSOR_DEFINITIONS = (
					"DEBUG=1",
					"$(inherited)",
				);
				INFOPLIST_FILE = WealtherTests/Info.plist;
				LD_RUNPATH_SEARCH_PATHS = "$(inherited) @executable_path/Frameworks @loader_path/Frameworks";
				PRODUCT_NAME = "$(TARGET_NAME)";
				TEST_HOST = "$(BUILT_PRODUCTS_DIR)/Wealther.app/Wealther";
			};
			name = Debug;
		};
		2C7FA81A1AA95F0300A62CE2 /* Release */ = {
			isa = XCBuildConfiguration;
			buildSettings = {
				BUNDLE_LOADER = "$(TEST_HOST)";
				FRAMEWORK_SEARCH_PATHS = (
					"$(SDKROOT)/Developer/Library/Frameworks",
					"$(inherited)",
				);
				INFOPLIST_FILE = WealtherTests/Info.plist;
				LD_RUNPATH_SEARCH_PATHS = "$(inherited) @executable_path/Frameworks @loader_path/Frameworks";
				PRODUCT_NAME = "$(TARGET_NAME)";
				TEST_HOST = "$(BUILT_PRODUCTS_DIR)/Wealther.app/Wealther";
			};
			name = Release;
		};
/* End XCBuildConfiguration section */

/* Begin XCConfigurationList section */
		2C7FA7F11AA95F0300A62CE2 /* Build configuration list for PBXProject "Wealther" */ = {
			isa = XCConfigurationList;
			buildConfigurations = (
				2C7FA8131AA95F0300A62CE2 /* Debug */,
				2C7FA8141AA95F0300A62CE2 /* Release */,
			);
			defaultConfigurationIsVisible = 0;
			defaultConfigurationName = Release;
		};
		2C7FA8151AA95F0300A62CE2 /* Build configuration list for PBXNativeTarget "Wealther" */ = {
			isa = XCConfigurationList;
			buildConfigurations = (
				2C7FA8161AA95F0300A62CE2 /* Debug */,
				2C7FA8171AA95F0300A62CE2 /* Release */,
			);
			defaultConfigurationIsVisible = 0;
		};
		2C7FA8181AA95F0300A62CE2 /* Build configuration list for PBXNativeTarget "WealtherTests" */ = {
			isa = XCConfigurationList;
			buildConfigurations = (
				2C7FA8191AA95F0300A62CE2 /* Debug */,
				2C7FA81A1AA95F0300A62CE2 /* Release */,
			);
			defaultConfigurationIsVisible = 0;
		};
/* End XCConfigurationList section */
	};
	rootObject = 2C7FA7EE1AA95F0300A62CE2 /* Project object */;
}
